
Microsoft Visual Studio Solution File, Format Version 12.00
# Visual Studio Version 17
VisualStudioVersion = 17.4.33403.182
MinimumVisualStudioVersion = 10.0.40219.1
Project("{FAE04EC0-301F-11D3-BF4B-00C04F79EFBC}") = "WebApplicationCoreMVCTest", "WebApplicationCoreMVCTest\WebApplicationCoreMVCTest.csproj", "{A762A4F0-3ED5-4FEA-AE65-BBCC70FE285C}"
EndProject
Global
	GlobalSection(SolutionConfigurationPlatforms) = preSolution
		Debug|Any CPU = Debug|Any CPU
		Release|Any CPU = Release|Any CPU
	EndGlobalSection
	GlobalSection(ProjectConfigurationPlatforms) = postSolution
		{A762A4F0-3ED5-4FEA-AE65-BBCC70FE285C}.Debug|Any CPU.ActiveCfg = Debug|Any CPU
		{A762A4F0-3ED5-4FEA-AE65-BBCC70FE285C}.Debug|Any CPU.Build.0 = Debug|Any CPU
		{A762A4F0-3ED5-4FEA-AE65-BBCC70FE285C}.Release|Any CPU.ActiveCfg = Release|Any CPU
		{A762A4F0-3ED5-4FEA-AE65-BBCC70FE285C}.Release|Any CPU.Build.0 = Release|Any CPU
	EndGlobalSection
	GlobalSection(SolutionProperties) = preSolution
		HideSolutionNode = FALSE
	EndGlobalSection
	GlobalSection(ExtensibilityGlobals) = postSolution
		SolutionGuid = {8E9375AE-C2A5-4D56-A70C-9965675CD481}
	EndGlobalSection
EndGlobal
